
Microsoft Visual Studio Solution File, Format Version 12.00
# Visual Studio 14
VisualStudioVersion = 14.0.25420.1
MinimumVisualStudioVersion = 10.0.40219.1
Project("{FAE04EC0-301F-11D3-BF4B-00C04F79EFBC}") = "DAL", "DAL\DAL.csproj", "{1263822A-E357-4F74-8234-D71262C31EAC}"
EndProject
Project("{FAE04EC0-301F-11D3-BF4B-00C04F79EFBC}") = "BLL", "BLL\BLL.csproj", "{A32707C6-4CE5-40FB-8E0B-484DF6AAB005}"
EndProject
Project("{FAE04EC0-301F-11D3-BF4B-00C04F79EFBC}") = "PL", "PL\PL.csproj", "{89ECA242-8E93-443D-A342-83C112A54BAD}"
EndProject
Global
	GlobalSection(SolutionConfigurationPlatforms) = preSolution
		Debug|Any CPU = Debug|Any CPU
		Release|Any CPU = Release|Any CPU
	EndGlobalSection
	GlobalSection(ProjectConfigurationPlatforms) = postSolution
		{1263822A-E357-4F74-8234-D71262C31EAC}.Debug|Any CPU.ActiveCfg = Debug|Any CPU
		{1263822A-E357-4F74-8234-D71262C31EAC}.Debug|Any CPU.Build.0 = Debug|Any CPU
		{1263822A-E357-4F74-8234-D71262C31EAC}.Release|Any CPU.ActiveCfg = Release|Any CPU
		{1263822A-E357-4F74-8234-D71262C31EAC}.Release|Any CPU.Build.0 = Release|Any CPU
		{A32707C6-4CE5-40FB-8E0B-484DF6AAB005}.Debug|Any CPU.ActiveCfg = Debug|Any CPU
		{A32707C6-4CE5-40FB-8E0B-484DF6AAB005}.Debug|Any CPU.Build.0 = Debug|Any CPU
		{A32707C6-4CE5-40FB-8E0B-484DF6AAB005}.Release|Any CPU.ActiveCfg = Release|Any CPU
		{A32707C6-4CE5-40FB-8E0B-484DF6AAB005}.Release|Any CPU.Build.0 = Release|Any CPU
		{89ECA242-8E93-443D-A342-83C112A54BAD}.Debug|Any CPU.ActiveCfg = Debug|Any CPU
		{89ECA242-8E93-443D-A342-83C112A54BAD}.Debug|Any CPU.Build.0 = Debug|Any CPU
		{89ECA242-8E93-443D-A342-83C112A54BAD}.Release|Any CPU.ActiveCfg = Release|Any CPU
		{89ECA242-8E93-443D-A342-83C112A54BAD}.Release|Any CPU.Build.0 = Release|Any CPU
	EndGlobalSection
	GlobalSection(SolutionProperties) = preSolution
		HideSolutionNode = FALSE
	EndGlobalSection
EndGlobal
